PODS:
  - FLEX (4.1.1)
  - WXNavigationBar (2.3.2)

DEPENDENCIES:
  - FLEX
  - WXNavigationBar (from `../`)

SPEC REPOS:
  trunk:
    - FLEX

EXTERNAL SOURCES:
  WXNavigationBar:
    :path: "../"

SPEC CHECKSUMS:
  FLEX: 81096107977a09836eb440173010ceeef01105d6
  WXNavigationBar: 925d279cf0e95028b3ac62f6abc747310c64a9aa

PODFILE CHECKSUM: dcaea8c6bd82403e0f7b1a5d5a02bb05693944bd

COCOAPODS: 1.9.3
