PODS:
  - FLEX (3.1.2)
  - WXNavigationBar (2.2.1)

DEPENDENCIES:
  - FLEX
  - WXNavigationBar (from `../`)

SPEC REPOS:
  trunk:
    - FLEX

EXTERNAL SOURCES:
  WXNavigationBar:
    :path: "../"

SPEC CHECKSUMS:
  FLEX: e13e805fc3eec8732cc227d1f7508770d46e9587
  WXNavigationBar: 929845e2597a4988203734611c8be4dd16c47bb7

PODFILE CHECKSUM: dcaea8c6bd82403e0f7b1a5d5a02bb05693944bd

COCOAPODS: 1.9.1
