PODS:
  - Kingfisher (5.13.1):
    - Kingfisher/Core (= 5.13.1)
  - Kingfisher/Core (5.13.1)
  - WXNavigationBar (1.6.2)

DEPENDENCIES:
  - Kingfisher
  - WXNavigationBar (from `.`)

SPEC REPOS:
  trunk:
    - Kingfisher

EXTERNAL SOURCES:
  WXNavigationBar:
    :path: "."

SPEC CHECKSUMS:
  Kingfisher: f33a848445e33c543620812158dc5d47f6bf90df
  WXNavigationBar: e0e3cc5289e99863d7e0b92b61d1abb724daac9d

PODFILE CHECKSUM: 2dd8664dda0d4db17342c03f72d0324ec4cb9a25

COCOAPODS: 1.9.0
